<?xml version="1.0" encoding="utf-8"?>
<Project ToolsVersion="4.0" xmlns="http://schemas.microsoft.com/developer/msbuild/2003">
  <ItemGroup>
    <Filter Include="소스 파일">
      <UniqueIdentifier>{4FC737F1-C7A5-4376-A066-2A32D752A2FF}</UniqueIdentifier>
      <Extensions>cpp;c;cc;cxx;c++;cppm;ixx;def;odl;idl;hpj;bat;asm;asmx</Extensions>
    </Filter>
    <Filter Include="헤더 파일">
      <UniqueIdentifier>{93995380-89BD-4b04-88EB-625FBE52EBFB}</UniqueIdentifier>
      <Extensions>h;hh;hpp;hxx;h++;hm;inl;inc;ipp;xsd</Extensions>
    </Filter>
    <Filter Include="리소스 파일">
      <UniqueIdentifier>{67DA6AB6-F800-4c08-8B7A-83BB121AAD01}</UniqueIdentifier>
      <Extensions>rc;ico;cur;bmp;dlg;rc2;rct;bin;rgs;gif;jpg;jpeg;jpe;resx;tiff;tif;png;wav;mfcribbon-ms</Extensions>
    </Filter>
    <Filter Include="00. MainGame">
      <UniqueIdentifier>{f64ce85d-64a1-4370-a2dc-3871fa372b84}</UniqueIdentifier>
    </Filter>
    <Filter Include="01. Obj">
      <UniqueIdentifier>{5bba6f52-b906-4374-bfb4-bbc2962d8a87}</UniqueIdentifier>
    </Filter>
    <Filter Include="01. Obj\00. Player">
      <UniqueIdentifier>{ea4ba012-88ca-437e-99ec-9b64c8eb2dbf}</UniqueIdentifier>
    </Filter>
    <Filter Include="01. Obj\01.Monster">
      <UniqueIdentifier>{2a2924f6-6982-405a-92e1-96165dcbea3e}</UniqueIdentifier>
    </Filter>
    <Filter Include="01. Obj\02.Bullet">
      <UniqueIdentifier>{301c5650-1000-4b4c-aef4-b9cb682ed171}</UniqueIdentifier>
    </Filter>
    <Filter Include="01. Obj\03.Collision">
      <UniqueIdentifier>{1df7f688-f2ef-42f8-bab6-28c661038159}</UniqueIdentifier>
    </Filter>
    <Filter Include="01. Obj\01.Monster\NormalMonster">
      <UniqueIdentifier>{50920b66-553c-449b-a98c-86f1316b53da}</UniqueIdentifier>
    </Filter>
    <Filter Include="01. Obj\01.Monster\SpreadMonster">
      <UniqueIdentifier>{0d337595-ded2-471e-a89e-196cc80d6fa7}</UniqueIdentifier>
    </Filter>
    <Filter Include="01. Obj\01.Monster\BossMonster">
      <UniqueIdentifier>{6d988ef1-530d-4878-b86f-9d295bb9754b}</UniqueIdentifier>
    </Filter>
    <Filter Include="01. Obj\01.Monster\LeadingMonster">
      <UniqueIdentifier>{a7e9b655-6f4f-4132-b4fa-7bcd0fea68af}</UniqueIdentifier>
    </Filter>
    <Filter Include="01. Obj\02.Bullet\NormalBullet">
      <UniqueIdentifier>{1f19a678-26a1-4f95-b006-2386a5c73a26}</UniqueIdentifier>
    </Filter>
    <Filter Include="01. Obj\02.Bullet\LeadingBullet">
      <UniqueIdentifier>{f1b23001-6904-4722-823b-64d6ce9ff6dd}</UniqueIdentifier>
    </Filter>
    <Filter Include="01. Obj\02.Bullet\SpreadBullet">
      <UniqueIdentifier>{a5dab88e-d310-4bfd-ab99-6e50e1f928a7}</UniqueIdentifier>
    </Filter>
    <Filter Include="01. Obj\02.Bullet\ScrewBullet">
      <UniqueIdentifier>{5453cefb-a2c7-40ca-a9a2-f4f439f7ae66}</UniqueIdentifier>
    </Filter>
    <Filter Include="01. Obj\02.Bullet\SunFlowerBullet">
      <UniqueIdentifier>{2d5583ed-c0a1-4d57-8cfc-746273660a64}</UniqueIdentifier>
    </Filter>
  </ItemGroup>
  <ItemGroup>
    <ClInclude Include="framework.h">
      <Filter>헤더 파일</Filter>
    </ClInclude>
    <ClInclude Include="targetver.h">
      <Filter>헤더 파일</Filter>
    </ClInclude>
    <ClInclude Include="Resource.h">
      <Filter>헤더 파일</Filter>
    </ClInclude>
    <ClInclude Include="DefaultWindow.h">
      <Filter>헤더 파일</Filter>
    </ClInclude>
    <ClInclude Include="pch.h">
      <Filter>헤더 파일</Filter>
    </ClInclude>
    <ClInclude Include="CMainGame.h">
      <Filter>00. MainGame</Filter>
    </ClInclude>
    <ClInclude Include="Define.h">
      <Filter>헤더 파일</Filter>
    </ClInclude>
    <ClInclude Include="CPlayer.h">
      <Filter>01. Obj\00. Player</Filter>
    </ClInclude>
    <ClInclude Include="CObj.h">
      <Filter>01. Obj</Filter>
    </ClInclude>
    <ClInclude Include="CMonster.h">
      <Filter>01. Obj\01.Monster</Filter>
    </ClInclude>
    <ClInclude Include="CCollisionMgr.h">
      <Filter>01. Obj\03.Collision</Filter>
    </ClInclude>
    <ClInclude Include="CNormalMonster.h">
      <Filter>01. Obj\01.Monster\NormalMonster</Filter>
    </ClInclude>
    <ClInclude Include="CSpreadMonster.h">
      <Filter>01. Obj\01.Monster\SpreadMonster</Filter>
    </ClInclude>
    <ClInclude Include="CBossMonster.h">
      <Filter>01. Obj\01.Monster\BossMonster</Filter>
    </ClInclude>
    <ClInclude Include="CLeadingMonster.h">
      <Filter>01. Obj\01.Monster\LeadingMonster</Filter>
    </ClInclude>
    <ClInclude Include="CBullet.h">
      <Filter>01. Obj\02.Bullet\NormalBullet</Filter>
    </ClInclude>
    <ClInclude Include="CLeadingBullet.h">
      <Filter>01. Obj\02.Bullet\LeadingBullet</Filter>
    </ClInclude>
    <ClInclude Include="CSunFlowerBullet.h">
      <Filter>01. Obj\02.Bullet\SunFlowerBullet</Filter>
    </ClInclude>
    <ClInclude Include="CScrewBullet.h">
      <Filter>01. Obj\02.Bullet\ScrewBullet</Filter>
    </ClInclude>
    <ClInclude Include="CSpreadBullet.h">
      <Filter>01. Obj\02.Bullet\SpreadBullet</Filter>
    </ClInclude>
    <ClInclude Include="CObjMgr.h">
      <Filter>소스 파일</Filter>
    </ClInclude>
  </ItemGroup>
  <ItemGroup>
    <ClCompile Include="DefaultWindow.cpp">
      <Filter>소스 파일</Filter>
    </ClCompile>
    <ClCompile Include="pch.cpp">
      <Filter>소스 파일</Filter>
    </ClCompile>
    <ClCompile Include="CMainGame.cpp">
      <Filter>00. MainGame</Filter>
    </ClCompile>
    <ClCompile Include="CPlayer.cpp">
      <Filter>01. Obj\00. Player</Filter>
    </ClCompile>
    <ClCompile Include="CObj.cpp">
      <Filter>01. Obj</Filter>
    </ClCompile>
    <ClCompile Include="CMonster.cpp">
      <Filter>01. Obj\01.Monster</Filter>
    </ClCompile>
    <ClCompile Include="CAbstractFactory.h">
      <Filter>소스 파일</Filter>
    </ClCompile>
    <ClCompile Include="CCollisionMgr.cpp">
      <Filter>01. Obj\03.Collision</Filter>
    </ClCompile>
    <ClCompile Include="CNormalMonster.cpp">
      <Filter>01. Obj\01.Monster\NormalMonster</Filter>
    </ClCompile>
    <ClCompile Include="CSpreadMonster.cpp">
      <Filter>01. Obj\01.Monster\SpreadMonster</Filter>
    </ClCompile>
    <ClCompile Include="CBossMonster.cpp">
      <Filter>01. Obj\01.Monster\BossMonster</Filter>
    </ClCompile>
    <ClCompile Include="CLeadingMonster.cpp">
      <Filter>01. Obj\01.Monster\LeadingMonster</Filter>
    </ClCompile>
    <ClCompile Include="CBullet.cpp">
      <Filter>01. Obj\02.Bullet\NormalBullet</Filter>
    </ClCompile>
    <ClCompile Include="CLeadingBullet.cpp">
      <Filter>01. Obj\02.Bullet\LeadingBullet</Filter>
    </ClCompile>
    <ClCompile Include="CSunFlowerBullet.cpp">
      <Filter>01. Obj\02.Bullet\SunFlowerBullet</Filter>
    </ClCompile>
    <ClCompile Include="CScrewBullet.cpp">
      <Filter>01. Obj\02.Bullet\ScrewBullet</Filter>
    </ClCompile>
    <ClCompile Include="CSpreadBullet.cpp">
      <Filter>01. Obj\02.Bullet\SpreadBullet</Filter>
    </ClCompile>
    <ClCompile Include="CObjMgr.cpp">
      <Filter>소스 파일</Filter>
    </ClCompile>
  </ItemGroup>
  <ItemGroup>
    <ResourceCompile Include="DefaultWindow.rc">
      <Filter>리소스 파일</Filter>
    </ResourceCompile>
  </ItemGroup>
  <ItemGroup>
    <Image Include="small.ico">
      <Filter>리소스 파일</Filter>
    </Image>
    <Image Include="DefaultWindow.ico">
      <Filter>리소스 파일</Filter>
    </Image>
  </ItemGroup>
</Project>